
Microsoft Visual Studio Solution File, Format Version 12.00
# Visual Studio Version 17
VisualStudioVersion = 17.3.32929.385
MinimumVisualStudioVersion = 10.0.40219.1
Project("{9A19103F-16F7-4668-BE54-9A1E7A4F7556}") = "Blog", "Blog\Blog.csproj", "{51B550F0-BC10-4658-B0EF-D77FC530F744}"
EndProject
Project("{FAE04EC0-301F-11D3-BF4B-00C04F79EFBC}") = "Application", "Application\Application.csproj", "{17811916-08C0-410C-BBEF-42C3EE7BF364}"
EndProject
Project("{FAE04EC0-301F-11D3-BF4B-00C04F79EFBC}") = "Domain", "Domain\Domain.csproj", "{1AC6BE66-D4AE-4359-934C-F94360F649AE}"
EndProject
Project("{FAE04EC0-301F-11D3-BF4B-00C04F79EFBC}") = "Persistence", "Persistence\Persistence.csproj", "{E0972E75-A14C-4C0B-9BB6-749A9EA5D0D2}"
EndProject
Global
	GlobalSection(SolutionConfigurationPlatforms) = preSolution
		Debug|Any CPU = Debug|Any CPU
		Release|Any CPU = Release|Any CPU
	EndGlobalSection
	GlobalSection(ProjectConfigurationPlatforms) = postSolution
		{51B550F0-BC10-4658-B0EF-D77FC530F744}.Debug|Any CPU.ActiveCfg = Debug|Any CPU
		{51B550F0-BC10-4658-B0EF-D77FC530F744}.Debug|Any CPU.Build.0 = Debug|Any CPU
		{51B550F0-BC10-4658-B0EF-D77FC530F744}.Release|Any CPU.ActiveCfg = Release|Any CPU
		{51B550F0-BC10-4658-B0EF-D77FC530F744}.Release|Any CPU.Build.0 = Release|Any CPU
		{17811916-08C0-410C-BBEF-42C3EE7BF364}.Debug|Any CPU.ActiveCfg = Debug|Any CPU
		{17811916-08C0-410C-BBEF-42C3EE7BF364}.Debug|Any CPU.Build.0 = Debug|Any CPU
		{17811916-08C0-410C-BBEF-42C3EE7BF364}.Release|Any CPU.ActiveCfg = Release|Any CPU
		{17811916-08C0-410C-BBEF-42C3EE7BF364}.Release|Any CPU.Build.0 = Release|Any CPU
		{1AC6BE66-D4AE-4359-934C-F94360F649AE}.Debug|Any CPU.ActiveCfg = Debug|Any CPU
		{1AC6BE66-D4AE-4359-934C-F94360F649AE}.Debug|Any CPU.Build.0 = Debug|Any CPU
		{1AC6BE66-D4AE-4359-934C-F94360F649AE}.Release|Any CPU.ActiveCfg = Release|Any CPU
		{1AC6BE66-D4AE-4359-934C-F94360F649AE}.Release|Any CPU.Build.0 = Release|Any CPU
		{E0972E75-A14C-4C0B-9BB6-749A9EA5D0D2}.Debug|Any CPU.ActiveCfg = Debug|Any CPU
		{E0972E75-A14C-4C0B-9BB6-749A9EA5D0D2}.Debug|Any CPU.Build.0 = Debug|Any CPU
		{E0972E75-A14C-4C0B-9BB6-749A9EA5D0D2}.Release|Any CPU.ActiveCfg = Release|Any CPU
		{E0972E75-A14C-4C0B-9BB6-749A9EA5D0D2}.Release|Any CPU.Build.0 = Release|Any CPU
	EndGlobalSection
	GlobalSection(SolutionProperties) = preSolution
		HideSolutionNode = FALSE
	EndGlobalSection
	GlobalSection(ExtensibilityGlobals) = postSolution
		SolutionGuid = {A2542EB0-74A0-43CA-A25A-5E4BE4261814}
	EndGlobalSection
EndGlobal
